{
  "lockfileVersion": 1,
  "configVersion": 1,
  "workspaces": {
    "": {
      "name": "backend",
      "dependencies": {
        "better-auth": "^1.6.1",
        "hono": "^4.12.12",
      },
      "devDependencies": {
        "@types/bun": "latest",
      },
    },
  },
  "packages": {
    "@better-auth/core": ["@better-auth/core@1.6.1", "", { "dependencies": { "@opentelemetry/semantic-conventions": "^1.39.0", "@standard-schema/spec": "^1.1.0", "zod": "^4.3.6" }, "peerDependencies": { "@better-auth/utils": "0.4.0", "@better-fetch/fetch": "1.1.21", "@cloudflare/workers-types": ">=4", "@opentelemetry/api": "^1.9.0", "better-call": "1.3.5", "jose": "^6.1.0", "kysely": "^0.28.5", "nanostores": "^1.0.1" }, "optionalPeers": ["@cloudflare/workers-types"] }, "sha512-HnRQEuuCT7tIc2GMuRGqudt0DNO8+LhoR3O1heY/nYMxbxPVOBm/f4UQFXeb5HYcHpDrwTO+woWpp318OQ++Uw=="],

    "@better-auth/drizzle-adapter": ["@better-auth/drizzle-adapter@1.6.1", "", { "peerDependencies": { "@better-auth/core": "^1.6.1", "@better-auth/utils": "0.4.0", "drizzle-orm": ">=0.41.0" }, "optionalPeers": ["drizzle-orm"] }, "sha512-DgFDG8emuBxHYHA1xfUSCtMExsxOw6W3A1AVLA8TzYIg4qjkfDXcnI40ZPkDfsdnYm2WwQgJYRWP5KXlESakGA=="],

    "@better-auth/kysely-adapter": ["@better-auth/kysely-adapter@1.6.1", "", { "peerDependencies": { "@better-auth/core": "^1.6.1", "@better-auth/utils": "0.4.0", "kysely": "^0.27.0 || ^0.28.0" }, "optionalPeers": ["kysely"] }, "sha512-P3X/nTpY5EoBD9HEF5I4gTCGL3lf7wIlzdQweL1+WIlJK0yw6jaSqyne82PvgbLs63BLKODrQ8KNy9yrQKwPBw=="],

    "@better-auth/memory-adapter": ["@better-auth/memory-adapter@1.6.1", "", { "peerDependencies": { "@better-auth/core": "^1.6.1", "@better-auth/utils": "0.4.0" } }, "sha512-avyECOAv5LsSlIPoQpM++iMlc34YRde/B8klfbJpnqFE25NXtDTyxlv0xkp+RWETWqrnHs4vC+rLePylK7LwGg=="],

    "@better-auth/mongo-adapter": ["@better-auth/mongo-adapter@1.6.1", "", { "peerDependencies": { "@better-auth/core": "^1.6.1", "@better-auth/utils": "0.4.0", "mongodb": "^6.0.0 || ^7.0.0" }, "optionalPeers": ["mongodb"] }, "sha512-ijK+5eePMV5Vgy88lvUgn0eP5jeWvV5wYPtpFFTu+n+jCpe5VEcqlpTdYiSP3s3MhW9QucoNg08ov0hhaiM83Q=="],

    "@better-auth/prisma-adapter": ["@better-auth/prisma-adapter@1.6.1", "", { "peerDependencies": { "@better-auth/core": "^1.6.1", "@better-auth/utils": "0.4.0", "@prisma/client": "^5.0.0 || ^6.0.0 || ^7.0.0", "prisma": "^5.0.0 || ^6.0.0 || ^7.0.0" }, "optionalPeers": ["@prisma/client", "prisma"] }, "sha512-KqNHKHFQM+Pc2SF/k5DbVAUzCXZqMIDx4QpFAmDt3Wo0tzvGl12g6/ph8bOM8LKScZAVPpkm3z+NRDbh5sKuuw=="],

    "@better-auth/telemetry": ["@better-auth/telemetry@1.6.1", "", { "peerDependencies": { "@better-auth/core": "^1.6.1", "@better-auth/utils": "0.4.0", "@better-fetch/fetch": "1.1.21" } }, "sha512-UrY49vZ7RHvMlsVlivgvIsCECdl2DAQfmqI8aymY0GMWE6MjukrZ3iS+L+txKWrV7I8vt5itc468ntR1PuvbKw=="],

    "@better-auth/utils": ["@better-auth/utils@0.4.0", "", { "dependencies": { "@noble/hashes": "^2.0.1" } }, "sha512-RpMtLUIQAEWMgdPLNVbIF5ON2mm+CH0U3rCdUCU1VyeAUui4m38DyK7/aXMLZov2YDjG684pS1D0MBllrmgjQA=="],

    "@better-fetch/fetch": ["@better-fetch/fetch@1.1.21", "", {}, "sha512-/ImESw0sskqlVR94jB+5+Pxjf+xBwDZF/N5+y2/q4EqD7IARUTSpPfIo8uf39SYpCxyOCtbyYpUrZ3F/k0zT4A=="],

    "@noble/ciphers": ["@noble/ciphers@2.1.1", "", {}, "sha512-bysYuiVfhxNJuldNXlFEitTVdNnYUc+XNJZd7Qm2a5j1vZHgY+fazadNFWFaMK/2vye0JVlxV3gHmC0WDfAOQw=="],

    "@noble/hashes": ["@noble/hashes@2.0.1", "", {}, "sha512-XlOlEbQcE9fmuXxrVTXCTlG2nlRXa9Rj3rr5Ue/+tX+nmkgbX720YHh0VR3hBF9xDvwnb8D2shVGOwNx+ulArw=="],

    "@opentelemetry/api": ["@opentelemetry/api@1.9.1", "", {}, "sha512-gLyJlPHPZYdAk1JENA9LeHejZe1Ti77/pTeFm/nMXmQH/HFZlcS/O2XJB+L8fkbrNSqhdtlvjBVjxwUYanNH5Q=="],

    "@opentelemetry/semantic-conventions": ["@opentelemetry/semantic-conventions@1.40.0", "", {}, "sha512-cifvXDhcqMwwTlTK04GBNeIe7yyo28Mfby85QXFe1Yk8nmi36Ab/5UQwptOx84SsoGNRg+EVSjwzfSZMy6pmlw=="],

    "@standard-schema/spec": ["@standard-schema/spec@1.1.0", "", {}, "sha512-l2aFy5jALhniG5HgqrD6jXLi/rUWrKvqN/qJx6yoJsgKhblVd+iqqU4RCXavm/jPityDo5TCvKMnpjKnOriy0w=="],

    "@types/bun": ["@types/bun@1.3.11", "", { "dependencies": { "bun-types": "1.3.11" } }, "sha512-5vPne5QvtpjGpsGYXiFyycfpDF2ECyPcTSsFBMa0fraoxiQyMJ3SmuQIGhzPg2WJuWxVBoxWJ2kClYTcw/4fAg=="],

    "@types/node": ["@types/node@25.5.2", "", { "dependencies": { "undici-types": "~7.18.0" } }, "sha512-tO4ZIRKNC+MDWV4qKVZe3Ql/woTnmHDr5JD8UI5hn2pwBrHEwOEMZK7WlNb5RKB6EoJ02gwmQS9OrjuFnZYdpg=="],

    "better-auth": ["better-auth@1.6.1", "", { "dependencies": { "@better-auth/core": "1.6.1", "@better-auth/drizzle-adapter": "1.6.1", "@better-auth/kysely-adapter": "1.6.1", "@better-auth/memory-adapter": "1.6.1", "@better-auth/mongo-adapter": "1.6.1", "@better-auth/prisma-adapter": "1.6.1", "@better-auth/telemetry": "1.6.1", "@better-auth/utils": "0.4.0", "@better-fetch/fetch": "1.1.21", "@noble/ciphers": "^2.1.1", "@noble/hashes": "^2.0.1", "better-call": "1.3.5", "defu": "^6.1.4", "jose": "^6.1.3", "kysely": "^0.28.14", "nanostores": "^1.1.1", "zod": "^4.3.6" }, "peerDependencies": { "@lynx-js/react": "*", "@prisma/client": "^5.0.0 || ^6.0.0 || ^7.0.0", "@sveltejs/kit": "^2.0.0", "@tanstack/react-start": "^1.0.0", "@tanstack/solid-start": "^1.0.0", "better-sqlite3": "^12.0.0", "drizzle-kit": ">=0.31.4", "drizzle-orm": ">=0.41.0", "mongodb": "^6.0.0 || ^7.0.0", "mysql2": "^3.0.0", "next": "^14.0.0 || ^15.0.0 || ^16.0.0", "pg": "^8.0.0", "prisma": "^5.0.0 || ^6.0.0 || ^7.0.0", "react": "^18.0.0 || ^19.0.0", "react-dom": "^18.0.0 || ^19.0.0", "solid-js": "^1.0.0", "svelte": "^4.0.0 || ^5.0.0", "vitest": "^2.0.0 || ^3.0.0 || ^4.0.0", "vue": "^3.0.0" }, "optionalPeers": ["@lynx-js/react", "@prisma/client", "@sveltejs/kit", "@tanstack/react-start", "@tanstack/solid-start", "better-sqlite3", "drizzle-kit", "drizzle-orm", "mongodb", "mysql2", "next", "pg", "prisma", "react", "react-dom", "solid-js", "svelte", "vitest", "vue"] }, "sha512-rXxR5G0xNezCiwlxdvU5L0BsYvlddvGfL61azo1w8IFrqck0jPOuE9zU28ZFJpQjfTNwXhWp0ddEqxY7zVZxmQ=="],

    "better-call": ["better-call@1.3.5", "", { "dependencies": { "@better-auth/utils": "^0.4.0", "@better-fetch/fetch": "^1.1.21", "rou3": "^0.7.12", "set-cookie-parser": "^3.0.1" }, "peerDependencies": { "zod": "^4.0.0" }, "optionalPeers": ["zod"] }, "sha512-kOFJkBP7utAQLEYrobZm3vkTH8mXq5GNgvjc5/XEST1ilVHaxXUXfeDeFlqoETMtyqS4+3/h4ONX2i++ebZrvA=="],

    "bun-types": ["bun-types@1.3.11", "", { "dependencies": { "@types/node": "*" } }, "sha512-1KGPpoxQWl9f6wcZh57LvrPIInQMn2TQ7jsgxqpRzg+l0QPOFvJVH7HmvHo/AiPgwXy+/Thf6Ov3EdVn1vOabg=="],

    "defu": ["defu@6.1.7", "", {}, "sha512-7z22QmUWiQ/2d0KkdYmANbRUVABpZ9SNYyH5vx6PZ+nE5bcC0l7uFvEfHlyld/HcGBFTL536ClDt3DEcSlEJAQ=="],

    "hono": ["hono@4.12.12", "", {}, "sha512-p1JfQMKaceuCbpJKAPKVqyqviZdS0eUxH9v82oWo1kb9xjQ5wA6iP3FNVAPDFlz5/p7d45lO+BpSk1tuSZMF4Q=="],

    "jose": ["jose@6.2.2", "", {}, "sha512-d7kPDd34KO/YnzaDOlikGpOurfF0ByC2sEV4cANCtdqLlTfBlw2p14O/5d/zv40gJPbIQxfES3nSx1/oYNyuZQ=="],

    "kysely": ["kysely@0.28.15", "", {}, "sha512-r2clcf7HLWvDXaVUEvQymXJY4i3bSOIV3xsL/Upy3ZfSv5HeKsk9tsqbBptLvth5qHEIhxeHTA2jNLyQABkLBA=="],

    "nanostores": ["nanostores@1.2.0", "", {}, "sha512-F0wCzbsH80G7XXo0Jd9/AVQC7ouWY6idUCTnMwW5t/Rv9W8qmO6endavDwg7TNp5GbugwSukFMVZqzPSrSMndg=="],

    "rou3": ["rou3@0.7.12", "", {}, "sha512-iFE4hLDuloSWcD7mjdCDhx2bKcIsYbtOTpfH5MHHLSKMOUyjqQXTeZVa289uuwEGEKFoE/BAPbhaU4B774nceg=="],

    "set-cookie-parser": ["set-cookie-parser@3.1.0", "", {}, "sha512-kjnC1DXBHcxaOaOXBHBeRtltsDG2nUiUni+jP92M9gYdW12rsmx92UsfpH7o5tDRs7I1ZZPSQJQGv3UaRfCiuw=="],

    "undici-types": ["undici-types@7.18.2", "", {}, "sha512-AsuCzffGHJybSaRrmr5eHr81mwJU3kjw6M+uprWvCXiNeN9SOGwQ3Jn8jb8m3Z6izVgknn1R0FTCEAP2QrLY/w=="],

    "zod": ["zod@4.3.6", "", {}, "sha512-rftlrkhHZOcjDwkGlnUtZZkvaPHCsDATp4pGpuOOMDaTdDDXF91wuVDJoWoPsKX/3YPQ5fHuF3STjcYyKr+Qhg=="],
  }
}
